
Microsoft Visual Studio Solution File, Format Version 12.00
# Visual Studio Version 16
VisualStudioVersion = 16.0.33529.622
MinimumVisualStudioVersion = 10.0.40219.1
Project("{FAE04EC0-301F-11D3-BF4B-00C04F79EFBC}") = "TP_Programacion3", "TP_Programacion3.csproj", "{07D2FE90-4006-409E-B465-14C0575B7789}"
EndProject
Global
	GlobalSection(SolutionConfigurationPlatforms) = preSolution
		Debug|Any CPU = Debug|Any CPU
		Release|Any CPU = Release|Any CPU
	EndGlobalSection
	GlobalSection(ProjectConfigurationPlatforms) = postSolution
		{07D2FE90-4006-409E-B465-14C0575B7789}.Debug|Any CPU.ActiveCfg = Debug|Any CPU
		{07D2FE90-4006-409E-B465-14C0575B7789}.Debug|Any CPU.Build.0 = Debug|Any CPU
		{07D2FE90-4006-409E-B465-14C0575B7789}.Release|Any CPU.ActiveCfg = Release|Any CPU
		{07D2FE90-4006-409E-B465-14C0575B7789}.Release|Any CPU.Build.0 = Release|Any CPU
	EndGlobalSection
	GlobalSection(SolutionProperties) = preSolution
		HideSolutionNode = FALSE
	EndGlobalSection
	GlobalSection(ExtensibilityGlobals) = postSolution
		SolutionGuid = {2EB6485F-EDC5-4F7E-ACB7-7A7A0BBF25F1}
	EndGlobalSection
EndGlobal
